[[package]]
category = "main"
description = "Async http client/server framework (asyncio)"
name = "aiohttp"
optional = false
python-versions = ">=3.5.3"
version = "3.6.2"

[package.dependencies]
async-timeout = ">=3.0,<4.0"
attrs = ">=17.3.0"
chardet = ">=2.0,<4.0"
multidict = ">=4.5,<5.0"
yarl = ">=1.0,<2.0"

[[package]]
category = "dev"
description = "A small Python module for determining appropriate platform-specific dirs, e.g. a \"user data dir\"."
name = "appdirs"
optional = false
python-versions = "*"
version = "1.4.3"

[[package]]
category = "dev"
description = "An abstract syntax tree for Python with inference support."
name = "astroid"
optional = false
python-versions = ">=3.5.*"
version = "2.3.2"

[package.dependencies]
lazy-object-proxy = ">=1.4.0,<1.5.0"
six = "1.12"
wrapt = ">=1.11.0,<1.12.0"

[package.dependencies.typed-ast]
python = "<3.8"
version = ">=1.4.0,<1.5"

[[package]]
category = "main"
description = "Timeout context manager for asyncio programs"
name = "async-timeout"
optional = false
python-versions = ">=3.5.3"
version = "3.0.1"

[[package]]
category = "main"
description = "Classes Without Boilerplate"
name = "attrs"
optional = false
python-versions = ">=2.7, !=3.0.*, !=3.1.*, !=3.2.*, !=3.3.*"
version = "19.3.0"

[[package]]
category = "dev"
description = "The uncompromising code formatter."
name = "black"
optional = false
python-versions = ">=3.6"
version = "18.9b0"

[package.dependencies]
appdirs = "*"
attrs = ">=17.4.0"
click = ">=6.5"
toml = ">=0.9.4"

[[package]]
category = "main"
description = "Python package for providing Mozilla's CA Bundle."
name = "certifi"
optional = false
python-versions = "*"
version = "2019.9.11"

[[package]]
category = "main"
description = "Universal encoding detector for Python 2 and 3"
name = "chardet"
optional = false
python-versions = "*"
version = "3.0.4"

[[package]]
category = "dev"
description = "Composable command line interface toolkit"
name = "click"
optional = false
python-versions = ">=2.7, !=3.0.*, !=3.1.*, !=3.2.*, !=3.3.*"
version = "7.0"

[[package]]
category = "dev"
description = "Cross-platform colored terminal text."
marker = "sys_platform == \"win32\""
name = "colorama"
optional = false
python-versions = ">=2.7, !=3.0.*, !=3.1.*, !=3.2.*, !=3.3.*"
version = "0.4.1"

[[package]]
category = "main"
description = "Frugal Python Library"
name = "frugal"
optional = false
python-versions = "*"
version = "3.4.1"

[package.dependencies]
requests = ">=2.12.5,<3"
six = ">=1.10.0,<2"
thrift = "0.10.0"

[[package]]
category = "main"
description = "Internationalized Domain Names in Applications (IDNA)"
name = "idna"
optional = false
python-versions = ">=2.7, !=3.0.*, !=3.1.*, !=3.2.*, !=3.3.*"
version = "2.8"

[[package]]
category = "dev"
description = "A Python utility / library to sort Python imports."
name = "isort"
optional = false
python-versions = ">=2.7, !=3.0.*, !=3.1.*, !=3.2.*, !=3.3.*"
version = "4.3.21"

[[package]]
category = "dev"
description = "A fast and thorough lazy object proxy."
name = "lazy-object-proxy"
optional = false
python-versions = ">=2.7, !=3.0.*, !=3.1.*, !=3.2.*, !=3.3.*"
version = "1.4.3"

[[package]]
category = "dev"
description = "McCabe checker, plugin for flake8"
name = "mccabe"
optional = false
python-versions = "*"
version = "0.6.1"

[[package]]
category = "main"
description = "multidict implementation"
name = "multidict"
optional = false
python-versions = ">=3.4.1"
version = "4.5.2"

[[package]]
category = "dev"
description = "python code static checker"
name = "pylint"
optional = false
python-versions = ">=3.5.*"
version = "2.4.3"

[package.dependencies]
astroid = ">=2.3.0,<2.4"
colorama = "*"
isort = ">=4.2.5,<5"
mccabe = ">=0.6,<0.7"

[[package]]
category = "main"
description = "Python HTTP for Humans."
name = "requests"
optional = false
python-versions = ">=2.7, !=3.0.*, !=3.1.*, !=3.2.*, !=3.3.*, !=3.4.*"
version = "2.22.0"

[package.dependencies]
certifi = ">=2017.4.17"
chardet = ">=3.0.2,<3.1.0"
idna = ">=2.5,<2.9"
urllib3 = ">=1.21.1,<1.25.0 || >1.25.0,<1.25.1 || >1.25.1,<1.26"

[[package]]
category = "main"
description = "Python 2 and 3 compatibility utilities"
name = "six"
optional = false
python-versions = ">=2.6, !=3.0.*, !=3.1.*"
version = "1.12.0"

[[package]]
category = "main"
description = "Python bindings for the Apache Thrift RPC system"
name = "thrift"
optional = false
python-versions = "*"
version = "0.10.0"

[package.dependencies]
six = ">=1.7.2"

[[package]]
category = "dev"
description = "Python Library for Tom's Obvious, Minimal Language"
name = "toml"
optional = false
python-versions = "*"
version = "0.10.0"

[[package]]
category = "dev"
description = "a fork of Python 2 and 3 ast modules with type comment support"
marker = "implementation_name == \"cpython\" and python_version < \"3.8\""
name = "typed-ast"
optional = false
python-versions = "*"
version = "1.4.0"

[[package]]
category = "main"
description = "HTTP library with thread-safe connection pooling, file post, and more."
name = "urllib3"
optional = false
python-versions = ">=2.7, !=3.0.*, !=3.1.*, !=3.2.*, !=3.3.*, <4"
version = "1.25.6"

[[package]]
category = "dev"
description = "Module for decorators, wrappers and monkey patching."
name = "wrapt"
optional = false
python-versions = "*"
version = "1.11.2"

[[package]]
category = "main"
description = "Yet another URL library"
name = "yarl"
optional = false
python-versions = ">=3.5.3"
version = "1.3.0"

[package.dependencies]
idna = ">=2.0"
multidict = ">=4.0"

[metadata]
content-hash = "b228baaa0566e3e81e20d6ba0b366ba94ef08f956a2d2cff8a826a5c1071bc1e"
python-versions = "^3.7"

[metadata.hashes]
aiohttp = ["1e984191d1ec186881ffaed4581092ba04f7c61582a177b187d3a2f07ed9719e", "259ab809ff0727d0e834ac5e8a283dc5e3e0ecc30c4d80b3cd17a4139ce1f326", "2f4d1a4fdce595c947162333353d4a44952a724fba9ca3205a3df99a33d1307a", "32e5f3b7e511aa850829fbe5aa32eb455e5534eaa4b1ce93231d00e2f76e5654", "344c780466b73095a72c616fac5ea9c4665add7fc129f285fbdbca3cccf4612a", "460bd4237d2dbecc3b5ed57e122992f60188afe46e7319116da5eb8a9dfedba4", "4c6efd824d44ae697814a2a85604d8e992b875462c6655da161ff18fd4f29f17", "50aaad128e6ac62e7bf7bd1f0c0a24bc968a0c0590a726d5a955af193544bcec", "6206a135d072f88da3e71cc501c59d5abffa9d0bb43269a6dcd28d66bfafdbdd", "65f31b622af739a802ca6fd1a3076fd0ae523f8485c52924a89561ba10c49b48", "ae55bac364c405caa23a4f2d6cfecc6a0daada500274ffca4a9230e7129eac59", "b778ce0c909a2653741cb4b1ac7015b5c130ab9c897611df43ae6a58523cb965"]
appdirs = ["9e5896d1372858f8dd3344faf4e5014d21849c756c8d5701f78f8a103b372d92", "d8b24664561d0d34ddfaec54636d502d7cea6e29c3eaf68f3df6180863e2166e"]
astroid = ["09a3fba616519311f1af8a461f804b68f0370e100c9264a035aa7846d7852e33", "5a79c9b4bd6c4be777424593f957c996e20beb5f74e0bc332f47713c6f675efe"]
async-timeout = ["0c3c816a028d47f659d6ff5c745cb2acf1f966da1fe5c19c77a70282b25f4c5f", "4291ca197d287d274d0b6cb5d6f8f8f82d434ed288f962539ff18cc9012f9ea3"]
attrs = ["08a96c641c3a74e44eb59afb61a24f2cb9f4d7188748e76ba4bb5edfa3cb7d1c", "f7b7ce16570fe9965acd6d30101a28f62fb4a7f9e926b3bbc9b61f8b04247e72"]
black = ["817243426042db1d36617910df579a54f1afd659adb96fc5032fcf4b36209739", "e030a9a28f542debc08acceb273f228ac422798e5215ba2a791a6ddeaaca22a5"]
certifi = ["e4f3620cfea4f83eedc95b24abd9cd56f3c4b146dd0177e83a21b4eb49e21e50", "fd7c7c74727ddcf00e9acd26bba8da604ffec95bf1c2144e67aff7a8b50e6cef"]
chardet = ["84ab92ed1c4d4f16916e05906b6b75a6c0fb5db821cc65e70cbd64a3e2a5eaae", "fc323ffcaeaed0e0a02bf4d117757b98aed530d9ed4531e3e15460124c106691"]
click = ["2335065e6395b9e67ca716de5f7526736bfa6ceead690adf616d925bdc622b13", "5b94b49521f6456670fdb30cd82a4eca9412788a93fa6dd6df72c94d5a8ff2d7"]
colorama = ["05eed71e2e327246ad6b38c540c4a3117230b19679b875190486ddd2d721422d", "f8ac84de7840f5b9c4e3347b3c1eaa50f7e49c2b07596221daec5edaabbd7c48"]
frugal = ["5a1d8fb988fbea6d01f5183d015f91b17d0fd741a708bad1baefe18fffc09a35"]
idna = ["c357b3f628cf53ae2c4c05627ecc484553142ca23264e593d327bcde5e9c3407", "ea8b7f6188e6fa117537c3df7da9fc686d485087abf6ac197f9c46432f7e4a3c"]
isort = ["54da7e92468955c4fceacd0c86bd0ec997b0e1ee80d97f67c35a78b719dccab1", "6e811fcb295968434526407adb8796944f1988c5b65e8139058f2014cbe100fd"]
lazy-object-proxy = ["0c4b206227a8097f05c4dbdd323c50edf81f15db3b8dc064d08c62d37e1a504d", "194d092e6f246b906e8f70884e620e459fc54db3259e60cf69a4d66c3fda3449", "1be7e4c9f96948003609aa6c974ae59830a6baecc5376c25c92d7d697e684c08", "4677f594e474c91da97f489fea5b7daa17b5517190899cf213697e48d3902f5a", "48dab84ebd4831077b150572aec802f303117c8cc5c871e182447281ebf3ac50", "5541cada25cd173702dbd99f8e22434105456314462326f06dba3e180f203dfd", "59f79fef100b09564bc2df42ea2d8d21a64fdcda64979c0fa3db7bdaabaf6239", "8d859b89baf8ef7f8bc6b00aa20316483d67f0b1cbf422f5b4dc56701c8f2ffb", "9254f4358b9b541e3441b007a0ea0764b9d056afdeafc1a5569eee1cc6c1b9ea", "9651375199045a358eb6741df3e02a651e0330be090b3bc79f6d0de31a80ec3e", "97bb5884f6f1cdce0099f86b907aa41c970c3c672ac8b9c8352789e103cf3156", "9b15f3f4c0f35727d3a0fba4b770b3c4ebbb1fa907dbcc046a1d2799f3edd142", "a2238e9d1bb71a56cd710611a1614d1194dc10a175c1e08d75e1a7bcc250d442", "a6ae12d08c0bf9909ce12385803a543bfe99b95fe01e752536a60af2b7797c62", "ca0a928a3ddbc5725be2dd1cf895ec0a254798915fb3a36af0964a0a4149e3db", "cb2c7c57005a6804ab66f106ceb8482da55f5314b7fcb06551db1edae4ad1531", "d74bb8693bf9cf75ac3b47a54d716bbb1a92648d5f781fc799347cfc95952383", "d945239a5639b3ff35b70a88c5f2f491913eb94871780ebfabb2568bd58afc5a", "eba7011090323c1dadf18b3b689845fd96a61ba0a1dfbd7f24b921398affc357", "efa1909120ce98bbb3777e8b6f92237f5d5c8ea6758efea36a473e1d38f7d3e4", "f3900e8a5de27447acbf900b4750b0ddfd7ec1ea7fbaf11dfa911141bc522af0"]
mccabe = ["ab8a6258860da4b6677da4bd2fe5dc2c659cff31b3ee4f7f5d64e79735b80d42", "dd8d182285a0fe56bace7f45b5e7d1a6ebcbf524e8f3bd87eb0f125271b8831f"]
multidict = ["024b8129695a952ebd93373e45b5d341dbb87c17ce49637b34000093f243dd4f", "041e9442b11409be5e4fc8b6a97e4bcead758ab1e11768d1e69160bdde18acc3", "045b4dd0e5f6121e6f314d81759abd2c257db4634260abcfe0d3f7083c4908ef", "047c0a04e382ef8bd74b0de01407e8d8632d7d1b4db6f2561106af812a68741b", "068167c2d7bbeebd359665ac4fff756be5ffac9cda02375b5c5a7c4777038e73", "148ff60e0fffa2f5fad2eb25aae7bef23d8f3b8bdaf947a65cdbe84a978092bc", "1d1c77013a259971a72ddaa83b9f42c80a93ff12df6a4723be99d858fa30bee3", "1d48bc124a6b7a55006d97917f695effa9725d05abe8ee78fd60d6588b8344cd", "31dfa2fc323097f8ad7acd41aa38d7c614dd1960ac6681745b6da124093dc351", "34f82db7f80c49f38b032c5abb605c458bac997a6c3142e0d6c130be6fb2b941", "3d5dd8e5998fb4ace04789d1d008e2bb532de501218519d70bb672c4c5a2fc5d", "4a6ae52bd3ee41ee0f3acf4c60ceb3f44e0e3bc52ab7da1c2b2aa6703363a3d1", "4b02a3b2a2f01d0490dd39321c74273fed0568568ea0e7ea23e02bd1fb10a10b", "4b843f8e1dd6a3195679d9838eb4670222e8b8d01bc36c9894d6c3538316fa0a", "5de53a28f40ef3c4fd57aeab6b590c2c663de87a5af76136ced519923d3efbb3", "61b2b33ede821b94fa99ce0b09c9ece049c7067a33b279f343adfe35108a4ea7", "6a3a9b0f45fd75dc05d8e93dc21b18fc1670135ec9544d1ad4acbcf6b86781d0", "76ad8e4c69dadbb31bad17c16baee61c0d1a4a73bed2590b741b2e1a46d3edd0", "7ba19b777dc00194d1b473180d4ca89a054dd18de27d0ee2e42a103ec9b7d014", "7c1b7eab7a49aa96f3db1f716f0113a8a2e93c7375dd3d5d21c4941f1405c9c5", "7fc0eee3046041387cbace9314926aa48b681202f8897f8bff3809967a049036", "8ccd1c5fff1aa1427100ce188557fc31f1e0a383ad8ec42c559aabd4ff08802d", "8e08dd76de80539d613654915a2f5196dbccc67448df291e69a88712ea21e24a", "c18498c50c59263841862ea0501da9f2b3659c00db54abfbf823a80787fde8ce", "c49db89d602c24928e68c0d510f4fcf8989d77defd01c973d6cbe27e684833b1", "ce20044d0317649ddbb4e54dab3c1bcc7483c78c27d3f58ab3d0c7e6bc60d26a", "d1071414dd06ca2eafa90c85a079169bfeb0e5f57fd0b45d44c092546fcd6fd9", "d3be11ac43ab1a3e979dac80843b42226d5d3cccd3986f2e03152720a4297cd7", "db603a1c235d110c860d5f39988ebc8218ee028f07a7cbc056ba6424372ca31b"]
pylint = ["7b76045426c650d2b0f02fc47c14d7934d17898779da95288a74c2a7ec440702", "856476331f3e26598017290fd65bebe81c960e806776f324093a46b76fb2d1c0"]
requests = ["11e007a8a2aa0323f5a921e9e6a2d7e4e67d9877e85773fba9ba6419025cbeb4", "9cf5292fcd0f598c671cfc1e0d7d1a7f13bb8085e9a590f48c010551dc6c4b31"]
six = ["3350809f0555b11f552448330d0b52d5f24c91a322ea4a15ef22629740f3761c", "d16a0141ec1a18405cd4ce8b4613101da75da0e9a7aec5bdd4fa804d0e0eba73"]
thrift = ["b7f6c09155321169af03f9fb20dc15a4a0c7481e7c334a5ba8f7f0d864633209"]
toml = ["229f81c57791a41d65e399fc06bf0848bab550a9dfd5ed66df18ce5f05e73d5c", "235682dd292d5899d361a811df37e04a8828a5b1da3115886b73cf81ebc9100e", "f1db651f9657708513243e61e6cc67d101a39bad662eaa9b5546f789338e07a3"]
typed-ast = ["18511a0b3e7922276346bcb47e2ef9f38fb90fd31cb9223eed42c85d1312344e", "262c247a82d005e43b5b7f69aff746370538e176131c32dda9cb0f324d27141e", "2b907eb046d049bcd9892e3076c7a6456c93a25bebfe554e931620c90e6a25b0", "354c16e5babd09f5cb0ee000d54cfa38401d8b8891eefa878ac772f827181a3c", "4e0b70c6fc4d010f8107726af5fd37921b666f5b31d9331f0bd24ad9a088e631", "630968c5cdee51a11c05a30453f8cd65e0cc1d2ad0d9192819df9978984529f4", "66480f95b8167c9c5c5c87f32cf437d585937970f3fc24386f313a4c97b44e34", "71211d26ffd12d63a83e079ff258ac9d56a1376a25bc80b1cdcdf601b855b90b", "95bd11af7eafc16e829af2d3df510cecfd4387f6453355188342c3e79a2ec87a", "bc6c7d3fa1325a0c6613512a093bc2a2a15aeec350451cbdf9e1d4bffe3e3233", "cc34a6f5b426748a507dd5d1de4c1978f2eb5626d51326e43280941206c209e1", "d755f03c1e4a51e9b24d899561fec4ccaf51f210d52abdf8c07ee2849b212a36", "d7c45933b1bdfaf9f36c579671fec15d25b06c8398f113dab64c18ed1adda01d", "d896919306dd0aa22d0132f62a1b78d11aaf4c9fc5b3410d3c666b818191630a", "ffde2fbfad571af120fcbfbbc61c72469e72f550d676c3342492a9dfdefb8f12"]
urllib3 = ["3de946ffbed6e6746608990594d08faac602528ac7015ac28d33cee6a45b7398", "9a107b99a5393caf59c7aa3c1249c16e6879447533d0887f4336dde834c7be86"]
wrapt = ["565a021fd19419476b9362b05eeaa094178de64f8361e44468f9e9d7843901e1"]
yarl = ["024ecdc12bc02b321bc66b41327f930d1c2c543fa9a561b39861da9388ba7aa9", "2f3010703295fbe1aec51023740871e64bb9664c789cba5a6bdf404e93f7568f", "3890ab952d508523ef4881457c4099056546593fa05e93da84c7250516e632eb", "3e2724eb9af5dc41648e5bb304fcf4891adc33258c6e14e2a7414ea32541e320", "5badb97dd0abf26623a9982cd448ff12cb39b8e4c94032ccdedf22ce01a64842", "73f447d11b530d860ca1e6b582f947688286ad16ca42256413083d13f260b7a0", "7ab825726f2940c16d92aaec7d204cfc34ac26c0040da727cf8ba87255a33829", "b25de84a8c20540531526dfbb0e2d2b648c13fd5dd126728c496d7c3fea33310", "c6e341f5a6562af74ba55205dbd56d248daf1b5748ec48a0200ba227bb9e33f4", "c9bb7c249c4432cd47e75af3864bc02d26c9594f49c82e2a28624417f0ae63b8", "e060906c0c585565c718d1c3841747b61c5439af2211e185f6739a9412dfbde1"]
